<?xml version="1.0" encoding="utf-8"?>
<Project ToolsVersion="14.0" xmlns="http://schemas.microsoft.com/developer/msbuild/2003">
  <ItemGroup>
    <ClCompile Include="EmptyThreadObject.cpp">
      <Filter>Sources Files</Filter>
    </ClCompile>
    <ClCompile Include="PrimativesThreadObject.cpp">
      <Filter>Sources Files</Filter>
    </ClCompile>
    <ClCompile Include="ThreadablesThreadObject.cpp">
      <Filter>Sources Files</Filter>
    </ClCompile>
    <ClCompile Include="App.cpp">
      <Filter>Sources Files</Filter>
    </ClCompile>
    <ClCompile Include="AppFactory.cpp">
      <Filter>Sources Files</Filter>
    </ClCompile>
    <ClCompile Include="AppManager.cpp">
      <Filter>Sources Files</Filter>
    </ClCompile>
    <ClCompile Include="Business.cpp">
      <Filter>Sources Files</Filter>
    </ClCompile>
    <ClCompile Include="BusinessManager.cpp">
      <Filter>Sources Files</Filter>
    </ClCompile>
    <ClCompile Include="Product.cpp">
      <Filter>Sources Files</Filter>
    </ClCompile>
    <ClCompile Include="ProductManager.cpp">
      <Filter>Sources Files</Filter>
    </ClCompile>
  </ItemGroup>
  <ItemGroup>
    <ClInclude Include="CountingThreadObjectManager.h">
      <Filter>Header Files</Filter>
    </ClInclude>
    <ClInclude Include="EmptyThreadObject.h">
      <Filter>Header Files</Filter>
    </ClInclude>
    <ClInclude Include="PrimativesThreadObject.h">
      <Filter>Header Files</Filter>
    </ClInclude>
    <ClInclude Include="ThreadablesThreadObject.h">
      <Filter>Header Files</Filter>
    </ClInclude>
    <ClInclude Include="App.h">
      <Filter>Header Files</Filter>
    </ClInclude>
    <ClInclude Include="AppFactory.h">
      <Filter>Header Files</Filter>
    </ClInclude>
    <ClInclude Include="AppManager.h">
      <Filter>Header Files</Filter>
    </ClInclude>
    <ClInclude Include="Business.h">
      <Filter>Header Files</Filter>
    </ClInclude>
    <ClInclude Include="BusinessManager.h">
      <Filter>Header Files</Filter>
    </ClInclude>
    <ClInclude Include="Product.h">
      <Filter>Header Files</Filter>
    </ClInclude>
    <ClInclude Include="ProductManager.h">
      <Filter>Header Files</Filter>
    </ClInclude>
    <ClInclude Include="ThreadIds.h">
      <Filter>Header Files</Filter>
    </ClInclude>
  </ItemGroup>
  <ItemGroup>
    <Filter Include="Header Files">
      <UniqueIdentifier>{83b7b638-b732-481a-92d9-044e7157e346}</UniqueIdentifier>
    </Filter>
    <Filter Include="Sources Files">
      <UniqueIdentifier>{570cf2cc-a459-41fe-a513-ea7fcaf76dc5}</UniqueIdentifier>
    </Filter>
  </ItemGroup>
</Project>